
Microsoft Visual Studio Solution File, Format Version 12.00
# Visual Studio Version 17
VisualStudioVersion = 17.4.33122.133
MinimumVisualStudioVersion = 10.0.40219.1
Project("{FAE04EC0-301F-11D3-BF4B-00C04F79EFBC}") = "Bfl.Test", "Bfl.Test\Bfl.Test.csproj", "{AD03FA1C-7499-4F8B-83BD-FFC391E4D722}"
EndProject
Global
	GlobalSection(SolutionConfigurationPlatforms) = preSolution
		Debug|Any CPU = Debug|Any CPU
		Release|Any CPU = Release|Any CPU
	EndGlobalSection
	GlobalSection(ProjectConfigurationPlatforms) = postSolution
		{AD03FA1C-7499-4F8B-83BD-FFC391E4D722}.Debug|Any CPU.ActiveCfg = Debug|Any CPU
		{AD03FA1C-7499-4F8B-83BD-FFC391E4D722}.Debug|Any CPU.Build.0 = Debug|Any CPU
		{AD03FA1C-7499-4F8B-83BD-FFC391E4D722}.Release|Any CPU.ActiveCfg = Release|Any CPU
		{AD03FA1C-7499-4F8B-83BD-FFC391E4D722}.Release|Any CPU.Build.0 = Release|Any CPU
	EndGlobalSection
	GlobalSection(SolutionProperties) = preSolution
		HideSolutionNode = FALSE
	EndGlobalSection
	GlobalSection(ExtensibilityGlobals) = postSolution
		SolutionGuid = {AE332AA3-302D-4944-B4A4-5AE7893DE1A8}
	EndGlobalSection
EndGlobal
